// !$*UTF8*$!
{
	archiveVersion = 1;
	classes = {
	};
	objectVersion = 50;
	objects = {

/* Begin PBXBuildFile section */
		A45F6C2E269F4ED9006B70F2 /* main.cpp in Sources */ = {isa = PBXBuildFile; fileRef = A45F6C2D269F4ED9006B70F2 /* main.cpp */; };
		A45F6C36269F4F67006B70F2 /* Compress.cpp in Sources */ = {isa = PBXBuildFile; fileRef = A45F6C34269F4F67006B70F2 /* Compress.cpp */; };
		A45F6C39269F4F76006B70F2 /* Decompress.cpp in Sources */ = {isa = PBXBuildFile; fileRef = A45F6C37269F4F76006B70F2 /* Decompress.cpp */; };
		A45F6C3C269F4FC2006B70F2 /* Huffman.cpp in Sources */ = {isa = PBXBuildFile; fileRef = A45F6C3A269F4FC2006B70F2 /* Huffman.cpp */; };
/* End PBXBuildFile section */

/* Begin PBXCopyFilesBuildPhase section */
		A45F6C28269F4ED9006B70F2 /* CopyFiles */ = {
			isa = PBXCopyFilesBuildPhase;
			buildActionMask = 2147483647;
			dstPath = /usr/share/man/man1/;
			dstSubfolderSpec = 0;
			files = (
			);
			runOnlyForDeploymentPostprocessing = 1;
		};
/* End PBXCopyFilesBuildPhase section */

/* Begin PBXFileReference section */
		A45F6C2A269F4ED9006B70F2 /* hufCompress */ = {isa = PBXFileReference; explicitFileType = "compiled.mach-o.executable"; includeInIndex = 0; path = hufCompress; sourceTree = BUILT_PRODUCTS_DIR; };
		A45F6C2D269F4ED9006B70F2 /* main.cpp */ = {isa = PBXFileReference; lastKnownFileType = sourcecode.cpp.cpp; path = main.cpp; sourceTree = "<group>"; };
		A45F6C34269F4F67006B70F2 /* Compress.cpp */ = {isa = PBXFileReference; lastKnownFileType = sourcecode.cpp.cpp; path = Compress.cpp; sourceTree = "<group>"; };
		A45F6C35269F4F67006B70F2 /* Compress.hpp */ = {isa = PBXFileReference; lastKnownFileType = sourcecode.cpp.h; path = Compress.hpp; sourceTree = "<group>"; };
		A45F6C37269F4F76006B70F2 /* Decompress.cpp */ = {isa = PBXFileReference; lastKnownFileType = sourcecode.cpp.cpp; path = Decompress.cpp; sourceTree = "<group>"; };
		A45F6C38269F4F76006B70F2 /* Decompress.hpp */ = {isa = PBXFileReference; lastKnownFileType = sourcecode.cpp.h; path = Decompress.hpp; sourceTree = "<group>"; };
		A45F6C3A269F4FC2006B70F2 /* Huffman.cpp */ = {isa = PBXFileReference; lastKnownFileType = sourcecode.cpp.cpp; path = Huffman.cpp; sourceTree = "<group>"; };
		A45F6C3B269F4FC2006B70F2 /* Huffman.hpp */ = {isa = PBXFileReference; lastKnownFileType = sourcecode.cpp.h; path = Huffman.hpp; sourceTree = "<group>"; };
/* End PBXFileReference section */

/* Begin PBXFrameworksBuildPhase section */
		A45F6C27269F4ED9006B70F2 /* Frameworks */ = {
			isa = PBXFrameworksBuildPhase;
			buildActionMask = 2147483647;
			files = (
			);
			runOnlyForDeploymentPostprocessing = 0;
		};
/* End PBXFrameworksBuildPhase section */

/* Begin PBXGroup section */
		A45F6C21269F4ED9006B70F2 = {
			isa = PBXGroup;
			children = (
				A45F6C2C269F4ED9006B70F2 /* hufCompress */,
				A45F6C2B269F4ED9006B70F2 /* Products */,
			);
			sourceTree = "<group>";
		};
		A45F6C2B269F4ED9006B70F2 /* Products */ = {
			isa = PBXGroup;
			children = (
				A45F6C2A269F4ED9006B70F2 /* hufCompress */,
			);
			name = Products;
			sourceTree = "<group>";
		};
		A45F6C2C269F4ED9006B70F2 /* hufCompress */ = {
			isa = PBXGroup;
			children = (
				A45F6C2D269F4ED9006B70F2 /* main.cpp */,
				A45F6C34269F4F67006B70F2 /* Compress.cpp */,
				A45F6C35269F4F67006B70F2 /* Compress.hpp */,
				A45F6C37269F4F76006B70F2 /* Decompress.cpp */,
				A45F6C38269F4F76006B70F2 /* Decompress.hpp */,
				A45F6C3A269F4FC2006B70F2 /* Huffman.cpp */,
				A45F6C3B269F4FC2006B70F2 /* Huffman.hpp */,
			);
			path = hufCompress;
			sourceTree = "<group>";
		};
/* End PBXGroup section */

/* Begin PBXNativeTarget section */
		A45F6C29269F4ED9006B70F2 /* hufCompress */ = {
			isa = PBXNativeTarget;
			buildConfigurationList = A45F6C31269F4ED9006B70F2 /* Build configuration list for PBXNativeTarget "hufCompress" */;
			buildPhases = (
				A45F6C26269F4ED9006B70F2 /* Sources */,
				A45F6C27269F4ED9006B70F2 /* Frameworks */,
				A45F6C28269F4ED9006B70F2 /* CopyFiles */,
			);
			buildRules = (
			);
			dependencies = (
			);
			name = hufCompress;
			productName = hufCompress;
			productReference = A45F6C2A269F4ED9006B70F2 /* hufCompress */;
			productType = "com.apple.product-type.tool";
		};
/* End PBXNativeTarget section */

/* Begin PBXProject section */
		A45F6C22269F4ED9006B70F2 /* Project object */ = {
			isa = PBXProject;
			attributes = {
				LastUpgradeCheck = 1250;
				TargetAttributes = {
					A45F6C29269F4ED9006B70F2 = {
						CreatedOnToolsVersion = 12.5.1;
					};
				};
			};
			buildConfigurationList = A45F6C25269F4ED9006B70F2 /* Build configuration list for PBXProject "hufCompress" */;
			compatibilityVersion = "Xcode 9.3";
			developmentRegion = en;
			hasScannedForEncodings = 0;
			knownRegions = (
				en,
				Base,
			);
			mainGroup = A45F6C21269F4ED9006B70F2;
			productRefGroup = A45F6C2B269F4ED9006B70F2 /* Products */;
			projectDirPath = "";
			projectRoot = "";
			targets = (
				A45F6C29269F4ED9006B70F2 /* hufCompress */,
			);
		};
/* End PBXProject section */

/* Begin PBXSourcesBuildPhase section */
		A45F6C26269F4ED9006B70F2 /* Sources */ = {
			isa = PBXSourcesBuildPhase;
			buildActionMask = 2147483647;
			files = (
				A45F6C2E269F4ED9006B70F2 /* main.cpp in Sources */,
				A45F6C3C269F4FC2006B70F2 /* Huffman.cpp in Sources */,
				A45F6C39269F4F76006B70F2 /* Decompress.cpp in Sources */,
				A45F6C36269F4F67006B70F2 /* Compress.cpp in Sources */,
			);
			runOnlyForDeploymentPostprocessing = 0;
		};
/* End PBXSourcesBuildPhase section */

/* Begin XCBuildConfiguration section */
		A45F6C2F269F4ED9006B70F2 /* Debug */ = {
			isa = XCBuildConfiguration;
			buildSettings = {
				ALWAYS_SEARCH_USER_PATHS = NO;
				CLANG_ANALYZER_NONNULL = YES;
				CLANG_ANALYZER_NUMBER_OBJECT_CONVERSION = YES_AGGRESSIVE;
				CLANG_CXX_LANGUAGE_STANDARD = "gnu++14";
				CLANG_CXX_LIBRARY = "libc++";
				CLANG_ENABLE_MODULES = YES;
				CLANG_ENABLE_OBJC_ARC = YES;
				CLANG_ENABLE_OBJC_WEAK = YES;
				CLANG_WARN_BLOCK_CAPTURE_AUTORELEASING = YES;
				CLANG_WARN_BOOL_CONVERSION = YES;
				CLANG_WARN_COMMA = YES;
				CLANG_WARN_CONSTANT_CONVERSION = YES;
				CLANG_WARN_DEPRECATED_OBJC_IMPLEMENTATIONS = YES;
				CLANG_WARN_DIRECT_OBJC_ISA_USAGE = YES_ERROR;
				CLANG_WARN_DOCUMENTATION_COMMENTS = YES;
				CLANG_WARN_EMPTY_BODY = YES;
				CLANG_WARN_ENUM_CONVERSION = YES;
				CLANG_WARN_INFINITE_RECURSION = YES;
				CLANG_WARN_INT_CONVERSION = YES;
				CLANG_WARN_NON_LITERAL_NULL_CONVERSION = YES;
				CLANG_WARN_OBJC_IMPLICIT_RETAIN_SELF = YES;
				CLANG_WARN_OBJC_LITERAL_CONVERSION = YES;
				CLANG_WARN_OBJC_ROOT_CLASS = YES_ERROR;
				CLANG_WARN_QUOTED_INCLUDE_IN_FRAMEWORK_HEADER = YES;
				CLANG_WARN_RANGE_LOOP_ANALYSIS = YES;
				CLANG_WARN_STRICT_PROTOTYPES = YES;
				CLANG_WARN_SUSPICIOUS_MOVE = YES;
				CLANG_WARN_UNGUARDED_AVAILABILITY = YES_AGGRESSIVE;
				CLANG_WARN_UNREACHABLE_CODE = YES;
				CLANG_WARN__DUPLICATE_METHOD_MATCH = YES;
				COPY_PHASE_STRIP = NO;
				DEBUG_INFORMATION_FORMAT = dwarf;
				ENABLE_STRICT_OBJC_MSGSEND = YES;
				ENABLE_TESTABILITY = YES;
				GCC_C_LANGUAGE_STANDARD = gnu11;
				GCC_DYNAMIC_NO_PIC = NO;
				GCC_NO_COMMON_BLOCKS = YES;
				GCC_OPTIMIZATION_LEVEL = 0;
				GCC_PREPROCESSOR_DEFINITIONS = (
					"DEBUG=1",
					"$(inherited)",
				);
				GCC_WARN_64_TO_32_BIT_CONVERSION = YES;
				GCC_WARN_ABOUT_RETURN_TYPE = YES_ERROR;
				GCC_WARN_UNDECLARED_SELECTOR = YES;
				GCC_WARN_UNINITIALIZED_AUTOS = YES_AGGRESSIVE;
				GCC_WARN_UNUSED_FUNCTION = YES;
				GCC_WARN_UNUSED_VARIABLE = YES;
				MACOSX_DEPLOYMENT_TARGET = 11.3;
				MTL_ENABLE_DEBUG_INFO = INCLUDE_SOURCE;
				MTL_FAST_MATH = YES;
				ONLY_ACTIVE_ARCH = YES;
				SDKROOT = macosx;
			};
			name = Debug;
		};
		A45F6C30269F4ED9006B70F2 /* Release */ = {
			isa = XCBuildConfiguration;
			buildSettings = {
				ALWAYS_SEARCH_USER_PATHS = NO;
				CLANG_ANALYZER_NONNULL = YES;
				CLANG_ANALYZER_NUMBER_OBJECT_CONVERSION = YES_AGGRESSIVE;
				CLANG_CXX_LANGUAGE_STANDARD = "gnu++14";
				CLANG_CXX_LIBRARY = "libc++";
				CLANG_ENABLE_MODULES = YES;
				CLANG_ENABLE_OBJC_ARC = YES;
				CLANG_ENABLE_OBJC_WEAK = YES;
				CLANG_WARN_BLOCK_CAPTURE_AUTORELEASING = YES;
				CLANG_WARN_BOOL_CONVERSION = YES;
				CLANG_WARN_COMMA = YES;
				CLANG_WARN_CONSTANT_CONVERSION = YES;
				CLANG_WARN_DEPRECATED_OBJC_IMPLEMENTATIONS = YES;
				CLANG_WARN_DIRECT_OBJC_ISA_USAGE = YES_ERROR;
				CLANG_WARN_DOCUMENTATION_COMMENTS = YES;
				CLANG_WARN_EMPTY_BODY = YES;
				CLANG_WARN_ENUM_CONVERSION = YES;
				CLANG_WARN_INFINITE_RECURSION = YES;
				CLANG_WARN_INT_CONVERSION = YES;
				CLANG_WARN_NON_LITERAL_NULL_CONVERSION = YES;
				CLANG_WARN_OBJC_IMPLICIT_RETAIN_SELF = YES;
				CLANG_WARN_OBJC_LITERAL_CONVERSION = YES;
				CLANG_WARN_OBJC_ROOT_CLASS = YES_ERROR;
				CLANG_WARN_QUOTED_INCLUDE_IN_FRAMEWORK_HEADER = YES;
				CLANG_WARN_RANGE_LOOP_ANALYSIS = YES;
				CLANG_WARN_STRICT_PROTOTYPES = YES;
				CLANG_WARN_SUSPICIOUS_MOVE = YES;
				CLANG_WARN_UNGUARDED_AVAILABILITY = YES_AGGRESSIVE;
				CLANG_WARN_UNREACHABLE_CODE = YES;
				CLANG_WARN__DUPLICATE_METHOD_MATCH = YES;
				COPY_PHASE_STRIP = NO;
				DEBUG_INFORMATION_FORMAT = "dwarf-with-dsym";
				ENABLE_NS_ASSERTIONS = NO;
				ENABLE_STRICT_OBJC_MSGSEND = YES;
				GCC_C_LANGUAGE_STANDARD = gnu11;
				GCC_NO_COMMON_BLOCKS = YES;
				GCC_WARN_64_TO_32_BIT_CONVERSION = YES;
				GCC_WARN_ABOUT_RETURN_TYPE = YES_ERROR;
				GCC_WARN_UNDECLARED_SELECTOR = YES;
				GCC_WARN_UNINITIALIZED_AUTOS = YES_AGGRESSIVE;
				GCC_WARN_UNUSED_FUNCTION = YES;
				GCC_WARN_UNUSED_VARIABLE = YES;
				MACOSX_DEPLOYMENT_TARGET = 11.3;
				MTL_ENABLE_DEBUG_INFO = NO;
				MTL_FAST_MATH = YES;
				SDKROOT = macosx;
			};
			name = Release;
		};
		A45F6C32269F4ED9006B70F2 /* Debug */ = {
			isa = XCBuildConfiguration;
			buildSettings = {
				CODE_SIGN_STYLE = Automatic;
				PRODUCT_NAME = "$(TARGET_NAME)";
			};
			name = Debug;
		};
		A45F6C33269F4ED9006B70F2 /* Release */ = {
			isa = XCBuildConfiguration;
			buildSettings = {
				CODE_SIGN_STYLE = Automatic;
				PRODUCT_NAME = "$(TARGET_NAME)";
			};
			name = Release;
		};
/* End XCBuildConfiguration section */

/* Begin XCConfigurationList section */
		A45F6C25269F4ED9006B70F2 /* Build configuration list for PBXProject "hufCompress" */ = {
			isa = XCConfigurationList;
			buildConfigurations = (
				A45F6C2F269F4ED9006B70F2 /* Debug */,
				A45F6C30269F4ED9006B70F2 /* Release */,
			);
			defaultConfigurationIsVisible = 0;
			defaultConfigurationName = Release;
		};
		A45F6C31269F4ED9006B70F2 /* Build configuration list for PBXNativeTarget "hufCompress" */ = {
			isa = XCConfigurationList;
			buildConfigurations = (
				A45F6C32269F4ED9006B70F2 /* Debug */,
				A45F6C33269F4ED9006B70F2 /* Release */,
			);
			defaultConfigurationIsVisible = 0;
			defaultConfigurationName = Release;
		};
/* End XCConfigurationList section */
	};
	rootObject = A45F6C22269F4ED9006B70F2 /* Project object */;
}
